
Microsoft Visual Studio Solution File, Format Version 12.00
# Visual Studio Version 16
VisualStudioVersion = 16.0.29519.181
MinimumVisualStudioVersion = 10.0.40219.1
Project("{FAE04EC0-301F-11D3-BF4B-00C04F79EFBC}") = "csharp_exercises_201907_RestaurantMenu_Class6_Studio", "csharp_exercises_201907_RestaurantMenu_Class6_Studio.csproj", "{0D63B882-A727-4F54-8F10-73C16424865F}"
EndProject
Global
	GlobalSection(SolutionConfigurationPlatforms) = preSolution
		Debug|Any CPU = Debug|Any CPU
		Release|Any CPU = Release|Any CPU
	EndGlobalSection
	GlobalSection(ProjectConfigurationPlatforms) = postSolution
		{0D63B882-A727-4F54-8F10-73C16424865F}.Debug|Any CPU.ActiveCfg = Debug|Any CPU
		{0D63B882-A727-4F54-8F10-73C16424865F}.Debug|Any CPU.Build.0 = Debug|Any CPU
		{0D63B882-A727-4F54-8F10-73C16424865F}.Release|Any CPU.ActiveCfg = Release|Any CPU
		{0D63B882-A727-4F54-8F10-73C16424865F}.Release|Any CPU.Build.0 = Release|Any CPU
	EndGlobalSection
	GlobalSection(SolutionProperties) = preSolution
		HideSolutionNode = FALSE
	EndGlobalSection
	GlobalSection(ExtensibilityGlobals) = postSolution
		SolutionGuid = {65BC7D51-6324-431D-9E51-985D22327EF7}
	EndGlobalSection
EndGlobal
